
Microsoft Visual Studio Solution File, Format Version 12.00
# Visual Studio Version 17
VisualStudioVersion = 17.3.32929.385
MinimumVisualStudioVersion = 10.0.40219.1
Project("{FAE04EC0-301F-11D3-BF4B-00C04F79EFBC}") = "ShopOnline.Web", "ShopOnline.Web\ShopOnline.Web.csproj", "{B91613A6-C695-4A7B-A939-C52554C81A31}"
EndProject
Project("{FAE04EC0-301F-11D3-BF4B-00C04F79EFBC}") = "ShopOnline.Api", "ShopOnline.Api\ShopOnline.Api.csproj", "{4BA535EE-A461-4ABA-86F4-5E975902FEFC}"
EndProject
Global
	GlobalSection(SolutionConfigurationPlatforms) = preSolution
		Debug|Any CPU = Debug|Any CPU
		Release|Any CPU = Release|Any CPU
	EndGlobalSection
	GlobalSection(ProjectConfigurationPlatforms) = postSolution
		{B91613A6-C695-4A7B-A939-C52554C81A31}.Debug|Any CPU.ActiveCfg = Debug|Any CPU
		{B91613A6-C695-4A7B-A939-C52554C81A31}.Debug|Any CPU.Build.0 = Debug|Any CPU
		{B91613A6-C695-4A7B-A939-C52554C81A31}.Release|Any CPU.ActiveCfg = Release|Any CPU
		{B91613A6-C695-4A7B-A939-C52554C81A31}.Release|Any CPU.Build.0 = Release|Any CPU
		{4BA535EE-A461-4ABA-86F4-5E975902FEFC}.Debug|Any CPU.ActiveCfg = Debug|Any CPU
		{4BA535EE-A461-4ABA-86F4-5E975902FEFC}.Debug|Any CPU.Build.0 = Debug|Any CPU
		{4BA535EE-A461-4ABA-86F4-5E975902FEFC}.Release|Any CPU.ActiveCfg = Release|Any CPU
		{4BA535EE-A461-4ABA-86F4-5E975902FEFC}.Release|Any CPU.Build.0 = Release|Any CPU
	EndGlobalSection
	GlobalSection(SolutionProperties) = preSolution
		HideSolutionNode = FALSE
	EndGlobalSection
	GlobalSection(ExtensibilityGlobals) = postSolution
		SolutionGuid = {A3FCE46F-67CF-40C8-A13F-F811F46516EC}
	EndGlobalSection
EndGlobal
